{
  "version": 4,
  "terraform_version": "1.5.2",
  "serial": 9,
  "lineage": "5276f4ba-1556-1d3d-b15e-75335b576218",
  "outputs": {
    "terraform-first-repo-url": {
      "value": "https://github.com/sachinpparmar/github-repo-terraform",
      "type": "string"
    }
  },
  "resources": [
    {
      "mode": "managed",
      "type": "github_repository",
      "name": "github-terraform",
      "provider": "provider[\"registry.terraform.io/hashicorp/github\"]",
      "instances": [
        {
          "schema_version": 1,
          "attributes": {
            "allow_auto_merge": false,
            "allow_merge_commit": true,
            "allow_rebase_merge": true,
            "allow_squash_merge": true,
            "allow_update_branch": false,
            "archive_on_destroy": null,
            "archived": false,
            "auto_init": true,
            "default_branch": "main",
            "delete_branch_on_merge": false,
            "description": "this is my 1ft repo from terraform script",
            "etag": "W/\"444253b4204773cb31c13d9b3f5a080b8cddec0319c1667822580c0075536d99\"",
            "full_name": "sachinpparmar/github-repo-terraform",
            "git_clone_url": "git://github.com/sachinpparmar/github-repo-terraform.git",
            "gitignore_template": null,
            "has_discussions": false,
            "has_downloads": false,
            "has_issues": false,
            "has_projects": false,
            "has_wiki": false,
            "homepage_url": "",
            "html_url": "https://github.com/sachinpparmar/github-repo-terraform",
            "http_clone_url": "https://github.com/sachinpparmar/github-repo-terraform.git",
            "id": "github-repo-terraform",
            "ignore_vulnerability_alerts_during_read": null,
            "is_template": false,
            "license_template": null,
            "merge_commit_message": "PR_TITLE",
            "merge_commit_title": "MERGE_MESSAGE",
            "name": "github-repo-terraform",
            "node_id": "R_kgDOJ1xOhQ",
            "pages": [],
            "private": false,
            "repo_id": 660360837,
            "security_and_analysis": [
              {
                "advanced_security": [],
                "secret_scanning": [
                  {
                    "status": "disabled"
                  }
                ],
                "secret_scanning_push_protection": [
                  {
                    "status": "disabled"
                  }
                ]
              }
            ],
            "squash_merge_commit_message": "COMMIT_MESSAGES",
            "squash_merge_commit_title": "COMMIT_OR_PR_TITLE",
            "ssh_clone_url": "git@github.com:sachinpparmar/github-repo-terraform.git",
            "svn_url": "https://github.com/sachinpparmar/github-repo-terraform",
            "template": [],
            "topics": null,
            "visibility": "public",
            "vulnerability_alerts": false
          },
          "sensitive_attributes": [],
          "private": "eyJzY2hlbWFfdmVyc2lvbiI6IjEifQ=="
        }
      ]
    }
  ],
  "check_results": null
}
